
Microsoft Visual Studio Solution File, Format Version 12.00
# Visual Studio Version 16
VisualStudioVersion = 16.0.31515.178
MinimumVisualStudioVersion = 10.0.40219.1
Project("{FAE04EC0-301F-11D3-BF4B-00C04F79EFBC}") = "HelloWorldNet", "HelloWorldNet\HelloWorldNet.csproj", "{BC5DE5EE-4D50-4F41-AD97-D739CFA6B268}"
EndProject
Global
	GlobalSection(SolutionConfigurationPlatforms) = preSolution
		Debug|Any CPU = Debug|Any CPU
		Release|Any CPU = Release|Any CPU
	EndGlobalSection
	GlobalSection(ProjectConfigurationPlatforms) = postSolution
		{BC5DE5EE-4D50-4F41-AD97-D739CFA6B268}.Debug|Any CPU.ActiveCfg = Debug|Any CPU
		{BC5DE5EE-4D50-4F41-AD97-D739CFA6B268}.Debug|Any CPU.Build.0 = Debug|Any CPU
		{BC5DE5EE-4D50-4F41-AD97-D739CFA6B268}.Release|Any CPU.ActiveCfg = Release|Any CPU
		{BC5DE5EE-4D50-4F41-AD97-D739CFA6B268}.Release|Any CPU.Build.0 = Release|Any CPU
	EndGlobalSection
	GlobalSection(SolutionProperties) = preSolution
		HideSolutionNode = FALSE
	EndGlobalSection
	GlobalSection(ExtensibilityGlobals) = postSolution
		SolutionGuid = {F873C5AD-3BFC-4DF5-819D-57D0D30ABAF9}
	EndGlobalSection
EndGlobal
